
Microsoft Visual Studio Solution File, Format Version 12.00
# Visual Studio Version 16
VisualStudioVersion = 16.0.30523.141
MinimumVisualStudioVersion = 10.0.40219.1
Project("{FAE04EC0-301F-11D3-BF4B-00C04F79EFBC}") = "Day1", "Day1\Day1.csproj", "{62A0074C-6DA8-453C-9AE0-43EFCCE50E12}"
EndProject
Global
	GlobalSection(SolutionConfigurationPlatforms) = preSolution
		Debug|Any CPU = Debug|Any CPU
		Release|Any CPU = Release|Any CPU
	EndGlobalSection
	GlobalSection(ProjectConfigurationPlatforms) = postSolution
		{62A0074C-6DA8-453C-9AE0-43EFCCE50E12}.Debug|Any CPU.ActiveCfg = Debug|Any CPU
		{62A0074C-6DA8-453C-9AE0-43EFCCE50E12}.Debug|Any CPU.Build.0 = Debug|Any CPU
		{62A0074C-6DA8-453C-9AE0-43EFCCE50E12}.Release|Any CPU.ActiveCfg = Release|Any CPU
		{62A0074C-6DA8-453C-9AE0-43EFCCE50E12}.Release|Any CPU.Build.0 = Release|Any CPU
	EndGlobalSection
	GlobalSection(SolutionProperties) = preSolution
		HideSolutionNode = FALSE
	EndGlobalSection
	GlobalSection(ExtensibilityGlobals) = postSolution
		SolutionGuid = {DD42B67D-5359-46B0-ADFC-7155A52E9716}
	EndGlobalSection
EndGlobal
