
Microsoft Visual Studio Solution File, Format Version 12.00
# Visual Studio Version 17
VisualStudioVersion = 17.0.31912.275
MinimumVisualStudioVersion = 10.0.40219.1
Project("{FAE04EC0-301F-11D3-BF4B-00C04F79EFBC}") = "Day7", "Day7\Day7.csproj", "{29610910-0BC7-47BF-976A-B8DF34A3C7FC}"
EndProject
Global
	GlobalSection(SolutionConfigurationPlatforms) = preSolution
		Debug|Any CPU = Debug|Any CPU
		Release|Any CPU = Release|Any CPU
	EndGlobalSection
	GlobalSection(ProjectConfigurationPlatforms) = postSolution
		{29610910-0BC7-47BF-976A-B8DF34A3C7FC}.Debug|Any CPU.ActiveCfg = Debug|Any CPU
		{29610910-0BC7-47BF-976A-B8DF34A3C7FC}.Debug|Any CPU.Build.0 = Debug|Any CPU
		{29610910-0BC7-47BF-976A-B8DF34A3C7FC}.Release|Any CPU.ActiveCfg = Release|Any CPU
		{29610910-0BC7-47BF-976A-B8DF34A3C7FC}.Release|Any CPU.Build.0 = Release|Any CPU
	EndGlobalSection
	GlobalSection(SolutionProperties) = preSolution
		HideSolutionNode = FALSE
	EndGlobalSection
	GlobalSection(ExtensibilityGlobals) = postSolution
		SolutionGuid = {61979F57-E0F2-4B47-B936-8CD73C12CDE5}
	EndGlobalSection
EndGlobal
