
Microsoft Visual Studio Solution File, Format Version 12.00
# Visual Studio Version 17
VisualStudioVersion = 17.0.31912.275
MinimumVisualStudioVersion = 10.0.40219.1
Project("{FAE04EC0-301F-11D3-BF4B-00C04F79EFBC}") = "Day19", "Day19\Day19.csproj", "{05A20323-CB98-4955-8E9E-C65F2255E2F6}"
EndProject
Global
	GlobalSection(SolutionConfigurationPlatforms) = preSolution
		Debug|Any CPU = Debug|Any CPU
		Release|Any CPU = Release|Any CPU
	EndGlobalSection
	GlobalSection(ProjectConfigurationPlatforms) = postSolution
		{05A20323-CB98-4955-8E9E-C65F2255E2F6}.Debug|Any CPU.ActiveCfg = Debug|Any CPU
		{05A20323-CB98-4955-8E9E-C65F2255E2F6}.Debug|Any CPU.Build.0 = Debug|Any CPU
		{05A20323-CB98-4955-8E9E-C65F2255E2F6}.Release|Any CPU.ActiveCfg = Release|Any CPU
		{05A20323-CB98-4955-8E9E-C65F2255E2F6}.Release|Any CPU.Build.0 = Release|Any CPU
	EndGlobalSection
	GlobalSection(SolutionProperties) = preSolution
		HideSolutionNode = FALSE
	EndGlobalSection
	GlobalSection(ExtensibilityGlobals) = postSolution
		SolutionGuid = {A3D12FCD-6D5A-423C-BB48-56C04737EE66}
	EndGlobalSection
EndGlobal
