
Microsoft Visual Studio Solution File, Format Version 12.00
# Visual Studio Version 16
VisualStudioVersion = 16.0.30523.141
MinimumVisualStudioVersion = 10.0.40219.1
Project("{FAE04EC0-301F-11D3-BF4B-00C04F79EFBC}") = "Day15", "Day15\Day15.csproj", "{9491F9C2-909A-4736-BDCD-67A0A8C53B77}"
EndProject
Global
	GlobalSection(SolutionConfigurationPlatforms) = preSolution
		Debug|Any CPU = Debug|Any CPU
		Release|Any CPU = Release|Any CPU
	EndGlobalSection
	GlobalSection(ProjectConfigurationPlatforms) = postSolution
		{9491F9C2-909A-4736-BDCD-67A0A8C53B77}.Debug|Any CPU.ActiveCfg = Debug|Any CPU
		{9491F9C2-909A-4736-BDCD-67A0A8C53B77}.Debug|Any CPU.Build.0 = Debug|Any CPU
		{9491F9C2-909A-4736-BDCD-67A0A8C53B77}.Release|Any CPU.ActiveCfg = Release|Any CPU
		{9491F9C2-909A-4736-BDCD-67A0A8C53B77}.Release|Any CPU.Build.0 = Release|Any CPU
	EndGlobalSection
	GlobalSection(SolutionProperties) = preSolution
		HideSolutionNode = FALSE
	EndGlobalSection
	GlobalSection(ExtensibilityGlobals) = postSolution
		SolutionGuid = {F37471DF-CE99-451F-9038-68E705DA0F46}
	EndGlobalSection
EndGlobal
