
Microsoft Visual Studio Solution File, Format Version 12.00
# Visual Studio Version 16
VisualStudioVersion = 16.0.30523.141
MinimumVisualStudioVersion = 10.0.40219.1
Project("{FAE04EC0-301F-11D3-BF4B-00C04F79EFBC}") = "Day18", "Day18\Day18.csproj", "{93272B62-94EF-4167-8F2D-EFF9EC1D0492}"
EndProject
Global
	GlobalSection(SolutionConfigurationPlatforms) = preSolution
		Debug|Any CPU = Debug|Any CPU
		Release|Any CPU = Release|Any CPU
	EndGlobalSection
	GlobalSection(ProjectConfigurationPlatforms) = postSolution
		{93272B62-94EF-4167-8F2D-EFF9EC1D0492}.Debug|Any CPU.ActiveCfg = Debug|Any CPU
		{93272B62-94EF-4167-8F2D-EFF9EC1D0492}.Debug|Any CPU.Build.0 = Debug|Any CPU
		{93272B62-94EF-4167-8F2D-EFF9EC1D0492}.Release|Any CPU.ActiveCfg = Release|Any CPU
		{93272B62-94EF-4167-8F2D-EFF9EC1D0492}.Release|Any CPU.Build.0 = Release|Any CPU
	EndGlobalSection
	GlobalSection(SolutionProperties) = preSolution
		HideSolutionNode = FALSE
	EndGlobalSection
	GlobalSection(ExtensibilityGlobals) = postSolution
		SolutionGuid = {170609C9-7DC9-4C83-AE1D-6C0C80047E9E}
	EndGlobalSection
EndGlobal
